
Microsoft Visual Studio Solution File, Format Version 12.00
# Visual Studio Version 17
VisualStudioVersion = 17.4.33213.308
MinimumVisualStudioVersion = 10.0.40219.1
Project("{8BC9CEB8-8B4A-11D0-8D11-00A0C91BC942}") = "DefineTest", "DefineTest\DefineTest.vcxproj", "{F027BD15-D364-4CFB-808D-8DB1D71BE72B}"
EndProject
Global
	GlobalSection(SolutionConfigurationPlatforms) = preSolution
		Debug|x64 = Debug|x64
		Debug|x86 = Debug|x86
		Release|x64 = Release|x64
		Release|x86 = Release|x86
	EndGlobalSection
	GlobalSection(ProjectConfigurationPlatforms) = postSolution
		{F027BD15-D364-4CFB-808D-8DB1D71BE72B}.Debug|x64.ActiveCfg = Debug|x64
		{F027BD15-D364-4CFB-808D-8DB1D71BE72B}.Debug|x64.Build.0 = Debug|x64
		{F027BD15-D364-4CFB-808D-8DB1D71BE72B}.Debug|x86.ActiveCfg = Debug|Win32
		{F027BD15-D364-4CFB-808D-8DB1D71BE72B}.Debug|x86.Build.0 = Debug|Win32
		{F027BD15-D364-4CFB-808D-8DB1D71BE72B}.Release|x64.ActiveCfg = Release|x64
		{F027BD15-D364-4CFB-808D-8DB1D71BE72B}.Release|x64.Build.0 = Release|x64
		{F027BD15-D364-4CFB-808D-8DB1D71BE72B}.Release|x86.ActiveCfg = Release|Win32
		{F027BD15-D364-4CFB-808D-8DB1D71BE72B}.Release|x86.Build.0 = Release|Win32
	EndGlobalSection
	GlobalSection(SolutionProperties) = preSolution
		HideSolutionNode = FALSE
	EndGlobalSection
	GlobalSection(ExtensibilityGlobals) = postSolution
		SolutionGuid = {C0C72983-EE35-42E0-8A1C-07419B1FA966}
	EndGlobalSection
EndGlobal
